// !$*UTF8*$!
{
	archiveVersion = 1;
	classes = {
	};
	objectVersion = 51;
	objects = {

/* Begin PBXBuildFile section */
		817886B6BB47521D0109C7D3 /* Pods_TopTwitchGames.framework in Frameworks */ = {isa = PBXBuildFile; fileRef = 3FE3337256D04E6BF03FB470 /* Pods_TopTwitchGames.framework */; };
		C591299F247F778500DE7233 /* AppDelegate.swift in Sources */ = {isa = PBXBuildFile; fileRef = C591299E247F778500DE7233 /* AppDelegate.swift */; };
		C59129A1247F778500DE7233 /* SceneDelegate.swift in Sources */ = {isa = PBXBuildFile; fileRef = C59129A0247F778500DE7233 /* SceneDelegate.swift */; };
		C59129A6247F778500DE7233 /* Main.storyboard in Resources */ = {isa = PBXBuildFile; fileRef = C59129A4247F778500DE7233 /* Main.storyboard */; };
		C59129A8247F778700DE7233 /* Assets.xcassets in Resources */ = {isa = PBXBuildFile; fileRef = C59129A7247F778700DE7233 /* Assets.xcassets */; };
		C59129AB247F778700DE7233 /* LaunchScreen.storyboard in Resources */ = {isa = PBXBuildFile; fileRef = C59129A9247F778700DE7233 /* LaunchScreen.storyboard */; };
		C59129B3247F785E00DE7233 /* TopGamesTableViewController.swift in Sources */ = {isa = PBXBuildFile; fileRef = C59129B2247F785E00DE7233 /* TopGamesTableViewController.swift */; };
		C59129B5247F797900DE7233 /* GameTableViewCell.swift in Sources */ = {isa = PBXBuildFile; fileRef = C59129B4247F797900DE7233 /* GameTableViewCell.swift */; };
		C59129B8247F893C00DE7233 /* TopGames.swift in Sources */ = {isa = PBXBuildFile; fileRef = C59129B7247F893C00DE7233 /* TopGames.swift */; };
		C59129BA247F898F00DE7233 /* TopGame.swift in Sources */ = {isa = PBXBuildFile; fileRef = C59129B9247F898F00DE7233 /* TopGame.swift */; };
		C59129BC247F8A3500DE7233 /* Game.swift in Sources */ = {isa = PBXBuildFile; fileRef = C59129BB247F8A3500DE7233 /* Game.swift */; };
		C59129BE247F8A5100DE7233 /* Box.swift in Sources */ = {isa = PBXBuildFile; fileRef = C59129BD247F8A5100DE7233 /* Box.swift */; };
		C59129C0247F8A6A00DE7233 /* Locale.swift in Sources */ = {isa = PBXBuildFile; fileRef = C59129BF247F8A6A00DE7233 /* Locale.swift */; };
		C59129C8247F8B3500DE7233 /* API.swift in Sources */ = {isa = PBXBuildFile; fileRef = C59129C7247F8B3500DE7233 /* API.swift */; };
		C59129CA247F8C0C00DE7233 /* HTTPMethod.swift in Sources */ = {isa = PBXBuildFile; fileRef = C59129C9247F8C0C00DE7233 /* HTTPMethod.swift */; };
		C59129CC247F8C3400DE7233 /* NetworkError.swift in Sources */ = {isa = PBXBuildFile; fileRef = C59129CB247F8C3400DE7233 /* NetworkError.swift */; };
		C59129CE247F8C9D00DE7233 /* NetworkResponse.swift in Sources */ = {isa = PBXBuildFile; fileRef = C59129CD247F8C9D00DE7233 /* NetworkResponse.swift */; };
		C59129D0247F8D1F00DE7233 /* ParametersEncoding.swift in Sources */ = {isa = PBXBuildFile; fileRef = C59129CF247F8D1F00DE7233 /* ParametersEncoding.swift */; };
		C59129D2247F8D5600DE7233 /* Task.swift in Sources */ = {isa = PBXBuildFile; fileRef = C59129D1247F8D5600DE7233 /* Task.swift */; };
		C59129D4247F8D9300DE7233 /* TwitchService.swift in Sources */ = {isa = PBXBuildFile; fileRef = C59129D3247F8D9300DE7233 /* TwitchService.swift */; };
		C59129D6247F8E7400DE7233 /* URLSessionProvider.swift in Sources */ = {isa = PBXBuildFile; fileRef = C59129D5247F8E7400DE7233 /* URLSessionProvider.swift */; };
		C59129D8247F8EC300DE7233 /* ProviderProtocol.swift in Sources */ = {isa = PBXBuildFile; fileRef = C59129D7247F8EC300DE7233 /* ProviderProtocol.swift */; };
		C59129DA247F8EE200DE7233 /* ServiceProtocol.swift in Sources */ = {isa = PBXBuildFile; fileRef = C59129D9247F8EE200DE7233 /* ServiceProtocol.swift */; };
		C59129DC247F8F0A00DE7233 /* Extension+URLSession.swift in Sources */ = {isa = PBXBuildFile; fileRef = C59129DB247F8F0A00DE7233 /* Extension+URLSession.swift */; };
		C59129DE247F8FAC00DE7233 /* Extension+URLComponets.swift in Sources */ = {isa = PBXBuildFile; fileRef = C59129DD247F8FAC00DE7233 /* Extension+URLComponets.swift */; };
		C59129E0247F913400DE7233 /* Extension+URLRequest.swift in Sources */ = {isa = PBXBuildFile; fileRef = C59129DF247F913300DE7233 /* Extension+URLRequest.swift */; };
		C59129E4247F939000DE7233 /* ViewRouter.swift in Sources */ = {isa = PBXBuildFile; fileRef = C59129E3247F939000DE7233 /* ViewRouter.swift */; };
		C59129E6247F94F200DE7233 /* TopGamesConfigurator.swift in Sources */ = {isa = PBXBuildFile; fileRef = C59129E5247F94F200DE7233 /* TopGamesConfigurator.swift */; };
		C59129E8247F975600DE7233 /* TopGamesPresenter.swift in Sources */ = {isa = PBXBuildFile; fileRef = C59129E7247F975600DE7233 /* TopGamesPresenter.swift */; };
		C59129EA247F97A300DE7233 /* TopGamesViewRouter.swift in Sources */ = {isa = PBXBuildFile; fileRef = C59129E9247F97A300DE7233 /* TopGamesViewRouter.swift */; };
		C59129ED247FA18C00DE7233 /* UIViewController+Alert.swift in Sources */ = {isa = PBXBuildFile; fileRef = C59129EC247FA18C00DE7233 /* UIViewController+Alert.swift */; };
/* End PBXBuildFile section */

/* Begin PBXFileReference section */
		3DC1B21A0AA398D40D88B65D /* Pods-TopTwitchGames.debug.xcconfig */ = {isa = PBXFileReference; includeInIndex = 1; lastKnownFileType = text.xcconfig; name = "Pods-TopTwitchGames.debug.xcconfig"; path = "Target Support Files/Pods-TopTwitchGames/Pods-TopTwitchGames.debug.xcconfig"; sourceTree = "<group>"; };
		3FE3337256D04E6BF03FB470 /* Pods_TopTwitchGames.framework */ = {isa = PBXFileReference; explicitFileType = wrapper.framework; includeInIndex = 0; path = Pods_TopTwitchGames.framework; sourceTree = BUILT_PRODUCTS_DIR; };
		C591299B247F778500DE7233 /* TopTwitchGames.app */ = {isa = PBXFileReference; explicitFileType = wrapper.application; includeInIndex = 0; path = TopTwitchGames.app; sourceTree = BUILT_PRODUCTS_DIR; };
		C591299E247F778500DE7233 /* AppDelegate.swift */ = {isa = PBXFileReference; lastKnownFileType = sourcecode.swift; path = AppDelegate.swift; sourceTree = "<group>"; };
		C59129A0247F778500DE7233 /* SceneDelegate.swift */ = {isa = PBXFileReference; lastKnownFileType = sourcecode.swift; path = SceneDelegate.swift; sourceTree = "<group>"; };
		C59129A5247F778500DE7233 /* Base */ = {isa = PBXFileReference; lastKnownFileType = file.storyboard; name = Base; path = Base.lproj/Main.storyboard; sourceTree = "<group>"; };
		C59129A7247F778700DE7233 /* Assets.xcassets */ = {isa = PBXFileReference; lastKnownFileType = folder.assetcatalog; path = Assets.xcassets; sourceTree = "<group>"; };
		C59129AA247F778700DE7233 /* Base */ = {isa = PBXFileReference; lastKnownFileType = file.storyboard; name = Base; path = Base.lproj/LaunchScreen.storyboard; sourceTree = "<group>"; };
		C59129AC247F778700DE7233 /* Info.plist */ = {isa = PBXFileReference; lastKnownFileType = text.plist.xml; path = Info.plist; sourceTree = "<group>"; };
		C59129B2247F785E00DE7233 /* TopGamesTableViewController.swift */ = {isa = PBXFileReference; lastKnownFileType = sourcecode.swift; path = TopGamesTableViewController.swift; sourceTree = "<group>"; };
		C59129B4247F797900DE7233 /* GameTableViewCell.swift */ = {isa = PBXFileReference; lastKnownFileType = sourcecode.swift; path = GameTableViewCell.swift; sourceTree = "<group>"; };
		C59129B7247F893C00DE7233 /* TopGames.swift */ = {isa = PBXFileReference; lastKnownFileType = sourcecode.swift; path = TopGames.swift; sourceTree = "<group>"; };
		C59129B9247F898F00DE7233 /* TopGame.swift */ = {isa = PBXFileReference; lastKnownFileType = sourcecode.swift; path = TopGame.swift; sourceTree = "<group>"; };
		C59129BB247F8A3500DE7233 /* Game.swift */ = {isa = PBXFileReference; lastKnownFileType = sourcecode.swift; path = Game.swift; sourceTree = "<group>"; };
		C59129BD247F8A5100DE7233 /* Box.swift */ = {isa = PBXFileReference; lastKnownFileType = sourcecode.swift; path = Box.swift; sourceTree = "<group>"; };
		C59129BF247F8A6A00DE7233 /* Locale.swift */ = {isa = PBXFileReference; lastKnownFileType = sourcecode.swift; path = Locale.swift; sourceTree = "<group>"; };
		C59129C7247F8B3500DE7233 /* API.swift */ = {isa = PBXFileReference; lastKnownFileType = sourcecode.swift; path = API.swift; sourceTree = "<group>"; };
		C59129C9247F8C0C00DE7233 /* HTTPMethod.swift */ = {isa = PBXFileReference; lastKnownFileType = sourcecode.swift; path = HTTPMethod.swift; sourceTree = "<group>"; };
		C59129CB247F8C3400DE7233 /* NetworkError.swift */ = {isa = PBXFileReference; lastKnownFileType = sourcecode.swift; path = NetworkError.swift; sourceTree = "<group>"; };
		C59129CD247F8C9D00DE7233 /* NetworkResponse.swift */ = {isa = PBXFileReference; lastKnownFileType = sourcecode.swift; path = NetworkResponse.swift; sourceTree = "<group>"; };
		C59129CF247F8D1F00DE7233 /* ParametersEncoding.swift */ = {isa = PBXFileReference; lastKnownFileType = sourcecode.swift; path = ParametersEncoding.swift; sourceTree = "<group>"; };
		C59129D1247F8D5600DE7233 /* Task.swift */ = {isa = PBXFileReference; lastKnownFileType = sourcecode.swift; path = Task.swift; sourceTree = "<group>"; };
		C59129D3247F8D9300DE7233 /* TwitchService.swift */ = {isa = PBXFileReference; lastKnownFileType = sourcecode.swift; path = TwitchService.swift; sourceTree = "<group>"; };
		C59129D5247F8E7400DE7233 /* URLSessionProvider.swift */ = {isa = PBXFileReference; lastKnownFileType = sourcecode.swift; path = URLSessionProvider.swift; sourceTree = "<group>"; };
		C59129D7247F8EC300DE7233 /* ProviderProtocol.swift */ = {isa = PBXFileReference; lastKnownFileType = sourcecode.swift; path = ProviderProtocol.swift; sourceTree = "<group>"; };
		C59129D9247F8EE200DE7233 /* ServiceProtocol.swift */ = {isa = PBXFileReference; lastKnownFileType = sourcecode.swift; path = ServiceProtocol.swift; sourceTree = "<group>"; };
		C59129DB247F8F0A00DE7233 /* Extension+URLSession.swift */ = {isa = PBXFileReference; lastKnownFileType = sourcecode.swift; path = "Extension+URLSession.swift"; sourceTree = "<group>"; };
		C59129DD247F8FAC00DE7233 /* Extension+URLComponets.swift */ = {isa = PBXFileReference; lastKnownFileType = sourcecode.swift; path = "Extension+URLComponets.swift"; sourceTree = "<group>"; };
		C59129DF247F913300DE7233 /* Extension+URLRequest.swift */ = {isa = PBXFileReference; lastKnownFileType = sourcecode.swift; path = "Extension+URLRequest.swift"; sourceTree = "<group>"; };
		C59129E3247F939000DE7233 /* ViewRouter.swift */ = {isa = PBXFileReference; lastKnownFileType = sourcecode.swift; path = ViewRouter.swift; sourceTree = "<group>"; };
		C59129E5247F94F200DE7233 /* TopGamesConfigurator.swift */ = {isa = PBXFileReference; lastKnownFileType = sourcecode.swift; path = TopGamesConfigurator.swift; sourceTree = "<group>"; };
		C59129E7247F975600DE7233 /* TopGamesPresenter.swift */ = {isa = PBXFileReference; lastKnownFileType = sourcecode.swift; path = TopGamesPresenter.swift; sourceTree = "<group>"; };
		C59129E9247F97A300DE7233 /* TopGamesViewRouter.swift */ = {isa = PBXFileReference; lastKnownFileType = sourcecode.swift; path = TopGamesViewRouter.swift; sourceTree = "<group>"; };
		C59129EC247FA18C00DE7233 /* UIViewController+Alert.swift */ = {isa = PBXFileReference; lastKnownFileType = sourcecode.swift; path = "UIViewController+Alert.swift"; sourceTree = "<group>"; };
		CEDA4CB66F2CAE883AE33B83 /* Pods-TopTwitchGames.release.xcconfig */ = {isa = PBXFileReference; includeInIndex = 1; lastKnownFileType = text.xcconfig; name = "Pods-TopTwitchGames.release.xcconfig"; path = "Target Support Files/Pods-TopTwitchGames/Pods-TopTwitchGames.release.xcconfig"; sourceTree = "<group>"; };
/* End PBXFileReference section */

/* Begin PBXFrameworksBuildPhase section */
		C5912998247F778500DE7233 /* Frameworks */ = {
			isa = PBXFrameworksBuildPhase;
			buildActionMask = 2147483647;
			files = (
				817886B6BB47521D0109C7D3 /* Pods_TopTwitchGames.framework in Frameworks */,
			);
			runOnlyForDeploymentPostprocessing = 0;
		};
/* End PBXFrameworksBuildPhase section */

/* Begin PBXGroup section */
		7F0AD29786D3ED6FF535BCF3 /* Frameworks */ = {
			isa = PBXGroup;
			children = (
				3FE3337256D04E6BF03FB470 /* Pods_TopTwitchGames.framework */,
			);
			name = Frameworks;
			sourceTree = "<group>";
		};
		C5912992247F778500DE7233 = {
			isa = PBXGroup;
			children = (
				C591299D247F778500DE7233 /* TopTwitchGames */,
				C591299C247F778500DE7233 /* Products */,
				D751E2674E021D559E4351A3 /* Pods */,
				7F0AD29786D3ED6FF535BCF3 /* Frameworks */,
			);
			sourceTree = "<group>";
		};
		C591299C247F778500DE7233 /* Products */ = {
			isa = PBXGroup;
			children = (
				C591299B247F778500DE7233 /* TopTwitchGames.app */,
			);
			name = Products;
			sourceTree = "<group>";
		};
		C591299D247F778500DE7233 /* TopTwitchGames */ = {
			isa = PBXGroup;
			children = (
				C59129EB247FA17600DE7233 /* Extensions */,
				C59129E1247F934A00DE7233 /* Modules */,
				C59129C1247F8AC400DE7233 /* Network */,
				C59129B6247F887800DE7233 /* Entities */,
				C591299E247F778500DE7233 /* AppDelegate.swift */,
				C59129A0247F778500DE7233 /* SceneDelegate.swift */,
				C59129A4247F778500DE7233 /* Main.storyboard */,
				C59129A7247F778700DE7233 /* Assets.xcassets */,
				C59129A9247F778700DE7233 /* LaunchScreen.storyboard */,
				C59129AC247F778700DE7233 /* Info.plist */,
			);
			path = TopTwitchGames;
			sourceTree = "<group>";
		};
		C59129B6247F887800DE7233 /* Entities */ = {
			isa = PBXGroup;
			children = (
				C59129B7247F893C00DE7233 /* TopGames.swift */,
				C59129B9247F898F00DE7233 /* TopGame.swift */,
				C59129BB247F8A3500DE7233 /* Game.swift */,
				C59129BD247F8A5100DE7233 /* Box.swift */,
				C59129BF247F8A6A00DE7233 /* Locale.swift */,
			);
			path = Entities;
			sourceTree = "<group>";
		};
		C59129C1247F8AC400DE7233 /* Network */ = {
			isa = PBXGroup;
			children = (
				C59129C6247F8B0200DE7233 /* Services */,
				C59129C5247F8AFA00DE7233 /* Provider */,
				C59129C4247F8AF000DE7233 /* Protocols */,
				C59129C3247F8ADD00DE7233 /* Extensions */,
				C59129C2247F8AD400DE7233 /* Enums */,
			);
			path = Network;
			sourceTree = "<group>";
		};
		C59129C2247F8AD400DE7233 /* Enums */ = {
			isa = PBXGroup;
			children = (
				C59129C7247F8B3500DE7233 /* API.swift */,
				C59129C9247F8C0C00DE7233 /* HTTPMethod.swift */,
				C59129CB247F8C3400DE7233 /* NetworkError.swift */,
				C59129CD247F8C9D00DE7233 /* NetworkResponse.swift */,
				C59129CF247F8D1F00DE7233 /* ParametersEncoding.swift */,
				C59129D1247F8D5600DE7233 /* Task.swift */,
			);
			path = Enums;
			sourceTree = "<group>";
		};
		C59129C3247F8ADD00DE7233 /* Extensions */ = {
			isa = PBXGroup;
			children = (
				C59129DD247F8FAC00DE7233 /* Extension+URLComponets.swift */,
				C59129DF247F913300DE7233 /* Extension+URLRequest.swift */,
			);
			path = Extensions;
			sourceTree = "<group>";
		};
		C59129C4247F8AF000DE7233 /* Protocols */ = {
			isa = PBXGroup;
			children = (
				C59129D7247F8EC300DE7233 /* ProviderProtocol.swift */,
				C59129D9247F8EE200DE7233 /* ServiceProtocol.swift */,
				C59129DB247F8F0A00DE7233 /* Extension+URLSession.swift */,
			);
			path = Protocols;
			sourceTree = "<group>";
		};
		C59129C5247F8AFA00DE7233 /* Provider */ = {
			isa = PBXGroup;
			children = (
				C59129D5247F8E7400DE7233 /* URLSessionProvider.swift */,
			);
			path = Provider;
			sourceTree = "<group>";
		};
		C59129C6247F8B0200DE7233 /* Services */ = {
			isa = PBXGroup;
			children = (
				C59129D3247F8D9300DE7233 /* TwitchService.swift */,
			);
			path = Services;
			sourceTree = "<group>";
		};
		C59129E1247F934A00DE7233 /* Modules */ = {
			isa = PBXGroup;
			children = (
				C59129EE248018EE00DE7233 /* SendFeedback */,
				C59129E2247F935E00DE7233 /* TopGamesList */,
				C59129E3247F939000DE7233 /* ViewRouter.swift */,
			);
			path = Modules;
			sourceTree = "<group>";
		};
		C59129E2247F935E00DE7233 /* TopGamesList */ = {
			isa = PBXGroup;
			children = (
				C59129B4247F797900DE7233 /* GameTableViewCell.swift */,
				C59129B2247F785E00DE7233 /* TopGamesTableViewController.swift */,
				C59129E5247F94F200DE7233 /* TopGamesConfigurator.swift */,
				C59129E7247F975600DE7233 /* TopGamesPresenter.swift */,
				C59129E9247F97A300DE7233 /* TopGamesViewRouter.swift */,
			);
			path = TopGamesList;
			sourceTree = "<group>";
		};
		C59129EB247FA17600DE7233 /* Extensions */ = {
			isa = PBXGroup;
			children = (
				C59129EC247FA18C00DE7233 /* UIViewController+Alert.swift */,
			);
			path = Extensions;
			sourceTree = "<group>";
		};
		C59129EE248018EE00DE7233 /* SendFeedback */ = {
			isa = PBXGroup;
			children = (
			);
			path = SendFeedback;
			sourceTree = "<group>";
		};
		D751E2674E021D559E4351A3 /* Pods */ = {
			isa = PBXGroup;
			children = (
				3DC1B21A0AA398D40D88B65D /* Pods-TopTwitchGames.debug.xcconfig */,
				CEDA4CB66F2CAE883AE33B83 /* Pods-TopTwitchGames.release.xcconfig */,
			);
			path = Pods;
			sourceTree = "<group>";
		};
/* End PBXGroup section */

/* Begin PBXNativeTarget section */
		C591299A247F778500DE7233 /* TopTwitchGames */ = {
			isa = PBXNativeTarget;
			buildConfigurationList = C59129AF247F778700DE7233 /* Build configuration list for PBXNativeTarget "TopTwitchGames" */;
			buildPhases = (
				467A1AE77521DAABB1F8D64D /* [CP] Check Pods Manifest.lock */,
				C5912997247F778500DE7233 /* Sources */,
				C5912998247F778500DE7233 /* Frameworks */,
				C5912999247F778500DE7233 /* Resources */,
				D359568D9D3BA74977D1931D /* [CP] Embed Pods Frameworks */,
			);
			buildRules = (
			);
			dependencies = (
			);
			name = TopTwitchGames;
			productName = TopTwitchGames;
			productReference = C591299B247F778500DE7233 /* TopTwitchGames.app */;
			productType = "com.apple.product-type.application";
		};
/* End PBXNativeTarget section */

/* Begin PBXProject section */
		C5912993247F778500DE7233 /* Project object */ = {
			isa = PBXProject;
			attributes = {
				LastSwiftUpdateCheck = 1140;
				LastUpgradeCheck = 1140;
				ORGANIZATIONNAME = none;
				TargetAttributes = {
					C591299A247F778500DE7233 = {
						CreatedOnToolsVersion = 11.4.1;
					};
				};
			};
			buildConfigurationList = C5912996247F778500DE7233 /* Build configuration list for PBXProject "TopTwitchGames" */;
			compatibilityVersion = "Xcode 9.3";
			developmentRegion = en;
			hasScannedForEncodings = 0;
			knownRegions = (
				en,
				Base,
			);
			mainGroup = C5912992247F778500DE7233;
			productRefGroup = C591299C247F778500DE7233 /* Products */;
			projectDirPath = "";
			projectRoot = "";
			targets = (
				C591299A247F778500DE7233 /* TopTwitchGames */,
			);
		};
/* End PBXProject section */

/* Begin PBXResourcesBuildPhase section */
		C5912999247F778500DE7233 /* Resources */ = {
			isa = PBXResourcesBuildPhase;
			buildActionMask = 2147483647;
			files = (
				C59129AB247F778700DE7233 /* LaunchScreen.storyboard in Resources */,
				C59129A8247F778700DE7233 /* Assets.xcassets in Resources */,
				C59129A6247F778500DE7233 /* Main.storyboard in Resources */,
			);
			runOnlyForDeploymentPostprocessing = 0;
		};
/* End PBXResourcesBuildPhase section */

/* Begin PBXShellScriptBuildPhase section */
		467A1AE77521DAABB1F8D64D /* [CP] Check Pods Manifest.lock */ = {
			isa = PBXShellScriptBuildPhase;
			buildActionMask = 2147483647;
			files = (
			);
			inputFileListPaths = (
			);
			inputPaths = (
				"${PODS_PODFILE_DIR_PATH}/Podfile.lock",
				"${PODS_ROOT}/Manifest.lock",
			);
			name = "[CP] Check Pods Manifest.lock";
			outputFileListPaths = (
			);
			outputPaths = (
				"$(DERIVED_FILE_DIR)/Pods-TopTwitchGames-checkManifestLockResult.txt",
			);
			runOnlyForDeploymentPostprocessing = 0;
			shellPath = /bin/sh;
			shellScript = "diff \"${PODS_PODFILE_DIR_PATH}/Podfile.lock\" \"${PODS_ROOT}/Manifest.lock\" > /dev/null\nif [ $? != 0 ] ; then\n    # print error to STDERR\n    echo \"error: The sandbox is not in sync with the Podfile.lock. Run 'pod install' or update your CocoaPods installation.\" >&2\n    exit 1\nfi\n# This output is used by Xcode 'outputs' to avoid re-running this script phase.\necho \"SUCCESS\" > \"${SCRIPT_OUTPUT_FILE_0}\"\n";
			showEnvVarsInLog = 0;
		};
		D359568D9D3BA74977D1931D /* [CP] Embed Pods Frameworks */ = {
			isa = PBXShellScriptBuildPhase;
			buildActionMask = 2147483647;
			files = (
			);
			inputFileListPaths = (
				"${PODS_ROOT}/Target Support Files/Pods-TopTwitchGames/Pods-TopTwitchGames-frameworks-${CONFIGURATION}-input-files.xcfilelist",
			);
			name = "[CP] Embed Pods Frameworks";
			outputFileListPaths = (
				"${PODS_ROOT}/Target Support Files/Pods-TopTwitchGames/Pods-TopTwitchGames-frameworks-${CONFIGURATION}-output-files.xcfilelist",
			);
			runOnlyForDeploymentPostprocessing = 0;
			shellPath = /bin/sh;
			shellScript = "\"${PODS_ROOT}/Target Support Files/Pods-TopTwitchGames/Pods-TopTwitchGames-frameworks.sh\"\n";
			showEnvVarsInLog = 0;
		};
/* End PBXShellScriptBuildPhase section */

/* Begin PBXSourcesBuildPhase section */
		C5912997247F778500DE7233 /* Sources */ = {
			isa = PBXSourcesBuildPhase;
			buildActionMask = 2147483647;
			files = (
				C59129B8247F893C00DE7233 /* TopGames.swift in Sources */,
				C59129DE247F8FAC00DE7233 /* Extension+URLComponets.swift in Sources */,
				C59129E4247F939000DE7233 /* ViewRouter.swift in Sources */,
				C59129BA247F898F00DE7233 /* TopGame.swift in Sources */,
				C59129DA247F8EE200DE7233 /* ServiceProtocol.swift in Sources */,
				C59129D4247F8D9300DE7233 /* TwitchService.swift in Sources */,
				C59129E0247F913400DE7233 /* Extension+URLRequest.swift in Sources */,
				C59129DC247F8F0A00DE7233 /* Extension+URLSession.swift in Sources */,
				C59129D0247F8D1F00DE7233 /* ParametersEncoding.swift in Sources */,
				C59129C0247F8A6A00DE7233 /* Locale.swift in Sources */,
				C59129CA247F8C0C00DE7233 /* HTTPMethod.swift in Sources */,
				C59129BC247F8A3500DE7233 /* Game.swift in Sources */,
				C59129C8247F8B3500DE7233 /* API.swift in Sources */,
				C59129D2247F8D5600DE7233 /* Task.swift in Sources */,
				C591299F247F778500DE7233 /* AppDelegate.swift in Sources */,
				C59129EA247F97A300DE7233 /* TopGamesViewRouter.swift in Sources */,
				C59129B3247F785E00DE7233 /* TopGamesTableViewController.swift in Sources */,
				C59129E6247F94F200DE7233 /* TopGamesConfigurator.swift in Sources */,
				C59129ED247FA18C00DE7233 /* UIViewController+Alert.swift in Sources */,
				C59129E8247F975600DE7233 /* TopGamesPresenter.swift in Sources */,
				C59129BE247F8A5100DE7233 /* Box.swift in Sources */,
				C59129D6247F8E7400DE7233 /* URLSessionProvider.swift in Sources */,
				C59129CC247F8C3400DE7233 /* NetworkError.swift in Sources */,
				C59129D8247F8EC300DE7233 /* ProviderProtocol.swift in Sources */,
				C59129A1247F778500DE7233 /* SceneDelegate.swift in Sources */,
				C59129B5247F797900DE7233 /* GameTableViewCell.swift in Sources */,
				C59129CE247F8C9D00DE7233 /* NetworkResponse.swift in Sources */,
			);
			runOnlyForDeploymentPostprocessing = 0;
		};
/* End PBXSourcesBuildPhase section */

/* Begin PBXVariantGroup section */
		C59129A4247F778500DE7233 /* Main.storyboard */ = {
			isa = PBXVariantGroup;
			children = (
				C59129A5247F778500DE7233 /* Base */,
			);
			name = Main.storyboard;
			sourceTree = "<group>";
		};
		C59129A9247F778700DE7233 /* LaunchScreen.storyboard */ = {
			isa = PBXVariantGroup;
			children = (
				C59129AA247F778700DE7233 /* Base */,
			);
			name = LaunchScreen.storyboard;
			sourceTree = "<group>";
		};
/* End PBXVariantGroup section */

/* Begin XCBuildConfiguration section */
		C59129AD247F778700DE7233 /* Debug */ = {
			isa = XCBuildConfiguration;
			buildSettings = {
				ALWAYS_SEARCH_USER_PATHS = NO;
				CLANG_ANALYZER_NONNULL = YES;
				CLANG_ANALYZER_NUMBER_OBJECT_CONVERSION = YES_AGGRESSIVE;
				CLANG_CXX_LANGUAGE_STANDARD = "gnu++14";
				CLANG_CXX_LIBRARY = "libc++";
				CLANG_ENABLE_MODULES = YES;
				CLANG_ENABLE_OBJC_ARC = YES;
				CLANG_ENABLE_OBJC_WEAK = YES;
				CLANG_WARN_BLOCK_CAPTURE_AUTORELEASING = YES;
				CLANG_WARN_BOOL_CONVERSION = YES;
				CLANG_WARN_COMMA = YES;
				CLANG_WARN_CONSTANT_CONVERSION = YES;
				CLANG_WARN_DEPRECATED_OBJC_IMPLEMENTATIONS = YES;
				CLANG_WARN_DIRECT_OBJC_ISA_USAGE = YES_ERROR;
				CLANG_WARN_DOCUMENTATION_COMMENTS = YES;
				CLANG_WARN_EMPTY_BODY = YES;
				CLANG_WARN_ENUM_CONVERSION = YES;
				CLANG_WARN_INFINITE_RECURSION = YES;
				CLANG_WARN_INT_CONVERSION = YES;
				CLANG_WARN_NON_LITERAL_NULL_CONVERSION = YES;
				CLANG_WARN_OBJC_IMPLICIT_RETAIN_SELF = YES;
				CLANG_WARN_OBJC_LITERAL_CONVERSION = YES;
				CLANG_WARN_OBJC_ROOT_CLASS = YES_ERROR;
				CLANG_WARN_RANGE_LOOP_ANALYSIS = YES;
				CLANG_WARN_STRICT_PROTOTYPES = YES;
				CLANG_WARN_SUSPICIOUS_MOVE = YES;
				CLANG_WARN_UNGUARDED_AVAILABILITY = YES_AGGRESSIVE;
				CLANG_WARN_UNREACHABLE_CODE = YES;
				CLANG_WARN__DUPLICATE_METHOD_MATCH = YES;
				COPY_PHASE_STRIP = NO;
				DEBUG_INFORMATION_FORMAT = dwarf;
				ENABLE_STRICT_OBJC_MSGSEND = YES;
				ENABLE_TESTABILITY = YES;
				GCC_C_LANGUAGE_STANDARD = gnu11;
				GCC_DYNAMIC_NO_PIC = NO;
				GCC_NO_COMMON_BLOCKS = YES;
				GCC_OPTIMIZATION_LEVEL = 0;
				GCC_PREPROCESSOR_DEFINITIONS = (
					"DEBUG=1",
					"$(inherited)",
				);
				GCC_WARN_64_TO_32_BIT_CONVERSION = YES;
				GCC_WARN_ABOUT_RETURN_TYPE = YES_ERROR;
				GCC_WARN_UNDECLARED_SELECTOR = YES;
				GCC_WARN_UNINITIALIZED_AUTOS = YES_AGGRESSIVE;
				GCC_WARN_UNUSED_FUNCTION = YES;
				GCC_WARN_UNUSED_VARIABLE = YES;
				IPHONEOS_DEPLOYMENT_TARGET = 13.4;
				MTL_ENABLE_DEBUG_INFO = INCLUDE_SOURCE;
				MTL_FAST_MATH = YES;
				ONLY_ACTIVE_ARCH = YES;
				SDKROOT = iphoneos;
				SWIFT_ACTIVE_COMPILATION_CONDITIONS = DEBUG;
				SWIFT_OPTIMIZATION_LEVEL = "-Onone";
			};
			name = Debug;
		};
		C59129AE247F778700DE7233 /* Release */ = {
			isa = XCBuildConfiguration;
			buildSettings = {
				ALWAYS_SEARCH_USER_PATHS = NO;
				CLANG_ANALYZER_NONNULL = YES;
				CLANG_ANALYZER_NUMBER_OBJECT_CONVERSION = YES_AGGRESSIVE;
				CLANG_CXX_LANGUAGE_STANDARD = "gnu++14";
				CLANG_CXX_LIBRARY = "libc++";
				CLANG_ENABLE_MODULES = YES;
				CLANG_ENABLE_OBJC_ARC = YES;
				CLANG_ENABLE_OBJC_WEAK = YES;
				CLANG_WARN_BLOCK_CAPTURE_AUTORELEASING = YES;
				CLANG_WARN_BOOL_CONVERSION = YES;
				CLANG_WARN_COMMA = YES;
				CLANG_WARN_CONSTANT_CONVERSION = YES;
				CLANG_WARN_DEPRECATED_OBJC_IMPLEMENTATIONS = YES;
				CLANG_WARN_DIRECT_OBJC_ISA_USAGE = YES_ERROR;
				CLANG_WARN_DOCUMENTATION_COMMENTS = YES;
				CLANG_WARN_EMPTY_BODY = YES;
				CLANG_WARN_ENUM_CONVERSION = YES;
				CLANG_WARN_INFINITE_RECURSION = YES;
				CLANG_WARN_INT_CONVERSION = YES;
				CLANG_WARN_NON_LITERAL_NULL_CONVERSION = YES;
				CLANG_WARN_OBJC_IMPLICIT_RETAIN_SELF = YES;
				CLANG_WARN_OBJC_LITERAL_CONVERSION = YES;
				CLANG_WARN_OBJC_ROOT_CLASS = YES_ERROR;
				CLANG_WARN_RANGE_LOOP_ANALYSIS = YES;
				CLANG_WARN_STRICT_PROTOTYPES = YES;
				CLANG_WARN_SUSPICIOUS_MOVE = YES;
				CLANG_WARN_UNGUARDED_AVAILABILITY = YES_AGGRESSIVE;
				CLANG_WARN_UNREACHABLE_CODE = YES;
				CLANG_WARN__DUPLICATE_METHOD_MATCH = YES;
				COPY_PHASE_STRIP = NO;
				DEBUG_INFORMATION_FORMAT = "dwarf-with-dsym";
				ENABLE_NS_ASSERTIONS = NO;
				ENABLE_STRICT_OBJC_MSGSEND = YES;
				GCC_C_LANGUAGE_STANDARD = gnu11;
				GCC_NO_COMMON_BLOCKS = YES;
				GCC_WARN_64_TO_32_BIT_CONVERSION = YES;
				GCC_WARN_ABOUT_RETURN_TYPE = YES_ERROR;
				GCC_WARN_UNDECLARED_SELECTOR = YES;
				GCC_WARN_UNINITIALIZED_AUTOS = YES_AGGRESSIVE;
				GCC_WARN_UNUSED_FUNCTION = YES;
				GCC_WARN_UNUSED_VARIABLE = YES;
				IPHONEOS_DEPLOYMENT_TARGET = 13.4;
				MTL_ENABLE_DEBUG_INFO = NO;
				MTL_FAST_MATH = YES;
				SDKROOT = iphoneos;
				SWIFT_COMPILATION_MODE = wholemodule;
				SWIFT_OPTIMIZATION_LEVEL = "-O";
				VALIDATE_PRODUCT = YES;
			};
			name = Release;
		};
		C59129B0247F778700DE7233 /* Debug */ = {
			isa = XCBuildConfiguration;
			baseConfigurationReference = 3DC1B21A0AA398D40D88B65D /* Pods-TopTwitchGames.debug.xcconfig */;
			buildSettings = {
				ASSETCATALOG_COMPILER_APPICON_NAME = AppIcon;
				CODE_SIGN_STYLE = Automatic;
				INFOPLIST_FILE = TopTwitchGames/Info.plist;
				LD_RUNPATH_SEARCH_PATHS = (
					"$(inherited)",
					"@executable_path/Frameworks",
				);
				PRODUCT_BUNDLE_IDENTIFIER = none.TopTwitchGames;
				PRODUCT_NAME = "$(TARGET_NAME)";
				SWIFT_VERSION = 5.0;
				TARGETED_DEVICE_FAMILY = 1;
			};
			name = Debug;
		};
		C59129B1247F778700DE7233 /* Release */ = {
			isa = XCBuildConfiguration;
			baseConfigurationReference = CEDA4CB66F2CAE883AE33B83 /* Pods-TopTwitchGames.release.xcconfig */;
			buildSettings = {
				ASSETCATALOG_COMPILER_APPICON_NAME = AppIcon;
				CODE_SIGN_STYLE = Automatic;
				INFOPLIST_FILE = TopTwitchGames/Info.plist;
				LD_RUNPATH_SEARCH_PATHS = (
					"$(inherited)",
					"@executable_path/Frameworks",
				);
				PRODUCT_BUNDLE_IDENTIFIER = none.TopTwitchGames;
				PRODUCT_NAME = "$(TARGET_NAME)";
				SWIFT_VERSION = 5.0;
				TARGETED_DEVICE_FAMILY = 1;
			};
			name = Release;
		};
/* End XCBuildConfiguration section */

/* Begin XCConfigurationList section */
		C5912996247F778500DE7233 /* Build configuration list for PBXProject "TopTwitchGames" */ = {
			isa = XCConfigurationList;
			buildConfigurations = (
				C59129AD247F778700DE7233 /* Debug */,
				C59129AE247F778700DE7233 /* Release */,
			);
			defaultConfigurationIsVisible = 0;
			defaultConfigurationName = Release;
		};
		C59129AF247F778700DE7233 /* Build configuration list for PBXNativeTarget "TopTwitchGames" */ = {
			isa = XCConfigurationList;
			buildConfigurations = (
				C59129B0247F778700DE7233 /* Debug */,
				C59129B1247F778700DE7233 /* Release */,
			);
			defaultConfigurationIsVisible = 0;
			defaultConfigurationName = Release;
		};
/* End XCConfigurationList section */
	};
	rootObject = C5912993247F778500DE7233 /* Project object */;
}
